PODS:
  - JLStickerTextView (0.1.1)

DEPENDENCIES:
  - JLStickerTextView (from `https://github.com/luiyezheng/JLStickerTextView.git`)

EXTERNAL SOURCES:
  JLStickerTextView:
    :git: https://github.com/luiyezheng/JLStickerTextView.git

CHECKOUT OPTIONS:
  JLStickerTextView:
    :commit: 59fe30b3ff13da71c5e263a58518cad4d2ca02af
    :git: https://github.com/luiyezheng/JLStickerTextView.git

SPEC CHECKSUMS:
  JLStickerTextView: 830123837eb0ac93de76759725eb4779a8ff280b

COCOAPODS: 0.39.0
