PODS:
  - JLStickerTextView (0.1.2)

DEPENDENCIES:
  - JLStickerTextView (from `https://github.com/FrediWeber/JLStickerTextView.git`)

EXTERNAL SOURCES:
  JLStickerTextView:
    :git: https://github.com/FrediWeber/JLStickerTextView.git

CHECKOUT OPTIONS:
  JLStickerTextView:
    :commit: 503436a6fa2a1dc11afe2a47d1eb19ea2daf702c
    :git: https://github.com/FrediWeber/JLStickerTextView.git

SPEC CHECKSUMS:
  JLStickerTextView: 99158380c95dc5455568892beb81d0529f3a547d

PODFILE CHECKSUM: 3aefea575854fb1036bb2622eda26b3b400fa05f

COCOAPODS: 1.3.1
